
Microsoft Visual Studio Solution File, Format Version 12.00
# Visual Studio Version 17
VisualStudioVersion = 17.9.34728.123
MinimumVisualStudioVersion = 10.0.40219.1
Project("{9A19103F-16F7-4668-BE54-9A1E7A4F7556}") = "NCLog", "NCLog.csproj", "{EA4AF8CE-2047-5839-6597-FA72FD13F813}"
EndProject
Project("{9A19103F-16F7-4668-BE54-9A1E7A4F7556}") = "RA.NodeControllerInterface", "..\..\..\OEMToolkit\RA.NodeControllerInterface\RA.NodeControllerInterface.csproj", "{D390AA1B-5C07-45CD-BB56-76E9123ECAC1}"
EndProject
Global
	GlobalSection(SolutionConfigurationPlatforms) = preSolution
		Debug|Any CPU = Debug|Any CPU
		Release|Any CPU = Release|Any CPU
	EndGlobalSection
	GlobalSection(ProjectConfigurationPlatforms) = postSolution
		{EA4AF8CE-2047-5839-6597-FA72FD13F813}.Debug|Any CPU.ActiveCfg = Debug|Any CPU
		{EA4AF8CE-2047-5839-6597-FA72FD13F813}.Debug|Any CPU.Build.0 = Debug|Any CPU
		{EA4AF8CE-2047-5839-6597-FA72FD13F813}.Release|Any CPU.ActiveCfg = Release|Any CPU
		{EA4AF8CE-2047-5839-6597-FA72FD13F813}.Release|Any CPU.Build.0 = Release|Any CPU
		{D390AA1B-5C07-45CD-BB56-76E9123ECAC1}.Debug|Any CPU.ActiveCfg = Debug|Any CPU
		{D390AA1B-5C07-45CD-BB56-76E9123ECAC1}.Debug|Any CPU.Build.0 = Debug|Any CPU
		{D390AA1B-5C07-45CD-BB56-76E9123ECAC1}.Release|Any CPU.ActiveCfg = Release|Any CPU
		{D390AA1B-5C07-45CD-BB56-76E9123ECAC1}.Release|Any CPU.Build.0 = Release|Any CPU
	EndGlobalSection
	GlobalSection(SolutionProperties) = preSolution
		HideSolutionNode = FALSE
	EndGlobalSection
	GlobalSection(ExtensibilityGlobals) = postSolution
		SolutionGuid = {C025898A-E35E-4817-B38F-05B93F1F5B1C}
	EndGlobalSection
EndGlobal
